
Microsoft Visual Studio Solution File, Format Version 12.00
# Visual Studio Version 17
VisualStudioVersion = 17.0.31903.59
MinimumVisualStudioVersion = 10.0.40219.1
Project("{2150E333-8FDC-42A3-9474-1A3956D46DE8}") = "src", "src", "{02EA681E-C7D8-13C7-8484-4AC65E1B71E8}"
EndProject
Project("{2150E333-8FDC-42A3-9474-1A3956D46DE8}") = "tests", "tests", "{46A29A45-A623-476F-996A-0F5FEA0B7D1C}"
EndProject
Project("{FAE04EC0-301F-11D3-BF4B-00C04F79EFBC}") = "FIAPCloudGames.Users.Api", "FIAPCloudGames.Users.Api\FIAPCloudGames.Users.Api.csproj", "{D92A822B-AEDB-4790-9E3D-FDDB0398010E}"
EndProject
Global
	GlobalSection(SolutionConfigurationPlatforms) = preSolution
		Debug|Any CPU = Debug|Any CPU
		Release|Any CPU = Release|Any CPU
	EndGlobalSection
	GlobalSection(ProjectConfigurationPlatforms) = postSolution
		{D92A822B-AEDB-4790-9E3D-FDDB0398010E}.Debug|Any CPU.ActiveCfg = Debug|Any CPU
		{D92A822B-AEDB-4790-9E3D-FDDB0398010E}.Debug|Any CPU.Build.0 = Debug|Any CPU
		{D92A822B-AEDB-4790-9E3D-FDDB0398010E}.Release|Any CPU.ActiveCfg = Release|Any CPU
		{D92A822B-AEDB-4790-9E3D-FDDB0398010E}.Release|Any CPU.Build.0 = Release|Any CPU
	EndGlobalSection
	GlobalSection(SolutionProperties) = preSolution
		HideSolutionNode = FALSE
	EndGlobalSection
	GlobalSection(NestedProjects) = preSolution
		{D92A822B-AEDB-4790-9E3D-FDDB0398010E} = {02EA681E-C7D8-13C7-8484-4AC65E1B71E8}
	EndGlobalSection
	GlobalSection(ExtensibilityGlobals) = postSolution
		SolutionGuid = {673EF7E8-03AA-4C52-B1F1-EECFD47FD490}
	EndGlobalSection
EndGlobal
